
Microsoft Visual Studio Solution File, Format Version 12.00
# Visual Studio Version 16
VisualStudioVersion = 16.0.29905.134
MinimumVisualStudioVersion = 10.0.40219.1
Project("{FAE04EC0-301F-11D3-BF4B-00C04F79EFBC}") = "WPFBinding", "WPFBinding\WPFBinding.csproj", "{8FBC7262-E805-4368-AA17-4B6E89D279EA}"
EndProject
Global
	GlobalSection(SolutionConfigurationPlatforms) = preSolution
		Debug|Any CPU = Debug|Any CPU
		Release|Any CPU = Release|Any CPU
	EndGlobalSection
	GlobalSection(ProjectConfigurationPlatforms) = postSolution
		{8FBC7262-E805-4368-AA17-4B6E89D279EA}.Debug|Any CPU.ActiveCfg = Debug|Any CPU
		{8FBC7262-E805-4368-AA17-4B6E89D279EA}.Debug|Any CPU.Build.0 = Debug|Any CPU
		{8FBC7262-E805-4368-AA17-4B6E89D279EA}.Release|Any CPU.ActiveCfg = Release|Any CPU
		{8FBC7262-E805-4368-AA17-4B6E89D279EA}.Release|Any CPU.Build.0 = Release|Any CPU
	EndGlobalSection
	GlobalSection(SolutionProperties) = preSolution
		HideSolutionNode = FALSE
	EndGlobalSection
	GlobalSection(ExtensibilityGlobals) = postSolution
		SolutionGuid = {BF3353D3-D99F-4201-92FA-21AD3DC87586}
	EndGlobalSection
EndGlobal
