
Microsoft Visual Studio Solution File, Format Version 12.00
# Visual Studio Version 16
VisualStudioVersion = 16.0.29905.134
MinimumVisualStudioVersion = 10.0.40219.1
Project("{FAE04EC0-301F-11D3-BF4B-00C04F79EFBC}") = "WFProcess", "WFProcess\WFProcess.csproj", "{B498BEDE-828E-46C6-ACBE-0E0BB2FC056C}"
EndProject
Global
	GlobalSection(SolutionConfigurationPlatforms) = preSolution
		Debug|Any CPU = Debug|Any CPU
		Release|Any CPU = Release|Any CPU
	EndGlobalSection
	GlobalSection(ProjectConfigurationPlatforms) = postSolution
		{B498BEDE-828E-46C6-ACBE-0E0BB2FC056C}.Debug|Any CPU.ActiveCfg = Debug|Any CPU
		{B498BEDE-828E-46C6-ACBE-0E0BB2FC056C}.Debug|Any CPU.Build.0 = Debug|Any CPU
		{B498BEDE-828E-46C6-ACBE-0E0BB2FC056C}.Release|Any CPU.ActiveCfg = Release|Any CPU
		{B498BEDE-828E-46C6-ACBE-0E0BB2FC056C}.Release|Any CPU.Build.0 = Release|Any CPU
	EndGlobalSection
	GlobalSection(SolutionProperties) = preSolution
		HideSolutionNode = FALSE
	EndGlobalSection
	GlobalSection(ExtensibilityGlobals) = postSolution
		SolutionGuid = {03E429FA-1A6E-4DAB-9A4F-7B662D8ACC65}
	EndGlobalSection
EndGlobal
