
Microsoft Visual Studio Solution File, Format Version 12.00
# Visual Studio Version 16
VisualStudioVersion = 16.0.29905.134
MinimumVisualStudioVersion = 10.0.40219.1
Project("{FAE04EC0-301F-11D3-BF4B-00C04F79EFBC}") = "WFEntityFW", "WFEntityFW\WFEntityFW.csproj", "{60B1B04F-1CD8-47A4-B158-4C076200F312}"
EndProject
Global
	GlobalSection(SolutionConfigurationPlatforms) = preSolution
		Debug|Any CPU = Debug|Any CPU
		Release|Any CPU = Release|Any CPU
	EndGlobalSection
	GlobalSection(ProjectConfigurationPlatforms) = postSolution
		{60B1B04F-1CD8-47A4-B158-4C076200F312}.Debug|Any CPU.ActiveCfg = Debug|Any CPU
		{60B1B04F-1CD8-47A4-B158-4C076200F312}.Debug|Any CPU.Build.0 = Debug|Any CPU
		{60B1B04F-1CD8-47A4-B158-4C076200F312}.Release|Any CPU.ActiveCfg = Release|Any CPU
		{60B1B04F-1CD8-47A4-B158-4C076200F312}.Release|Any CPU.Build.0 = Release|Any CPU
	EndGlobalSection
	GlobalSection(SolutionProperties) = preSolution
		HideSolutionNode = FALSE
	EndGlobalSection
	GlobalSection(ExtensibilityGlobals) = postSolution
		SolutionGuid = {35CB4867-29B7-45FA-9EE4-9BC3D1204D75}
	EndGlobalSection
EndGlobal
