
Microsoft Visual Studio Solution File, Format Version 12.00
# Visual Studio Version 16
VisualStudioVersion = 16.0.29905.134
MinimumVisualStudioVersion = 10.0.40219.1
Project("{FAE04EC0-301F-11D3-BF4B-00C04F79EFBC}") = "WFThread", "WFThread\WFThread.csproj", "{02F28F58-C575-490E-9C6B-DC46ACABFF22}"
EndProject
Global
	GlobalSection(SolutionConfigurationPlatforms) = preSolution
		Debug|Any CPU = Debug|Any CPU
		Release|Any CPU = Release|Any CPU
	EndGlobalSection
	GlobalSection(ProjectConfigurationPlatforms) = postSolution
		{02F28F58-C575-490E-9C6B-DC46ACABFF22}.Debug|Any CPU.ActiveCfg = Debug|Any CPU
		{02F28F58-C575-490E-9C6B-DC46ACABFF22}.Debug|Any CPU.Build.0 = Debug|Any CPU
		{02F28F58-C575-490E-9C6B-DC46ACABFF22}.Release|Any CPU.ActiveCfg = Release|Any CPU
		{02F28F58-C575-490E-9C6B-DC46ACABFF22}.Release|Any CPU.Build.0 = Release|Any CPU
	EndGlobalSection
	GlobalSection(SolutionProperties) = preSolution
		HideSolutionNode = FALSE
	EndGlobalSection
	GlobalSection(ExtensibilityGlobals) = postSolution
		SolutionGuid = {8E329617-17AC-4A2C-AEE3-376F3AF55FC2}
	EndGlobalSection
EndGlobal
